// !$*UTF8*$!
{
	archiveVersion = 1;
	classes = {
	};
	objectVersion = 50;
	objects = {

/* Begin PBXBuildFile section */
		4069AFA7F62C78B0716A878F /* Pods_ExchangeRates.framework in Frameworks */ = {isa = PBXBuildFile; fileRef = 1DE45515A59329CF333F8D7C /* Pods_ExchangeRates.framework */; };
		DDB24DD8234CCEAC007669CC /* AppDelegate.swift in Sources */ = {isa = PBXBuildFile; fileRef = DDB24DD7234CCEAC007669CC /* AppDelegate.swift */; };
		DDB24DDA234CCEAC007669CC /* SceneDelegate.swift in Sources */ = {isa = PBXBuildFile; fileRef = DDB24DD9234CCEAC007669CC /* SceneDelegate.swift */; };
		DDB24DDC234CCEAC007669CC /* ViewController.swift in Sources */ = {isa = PBXBuildFile; fileRef = DDB24DDB234CCEAC007669CC /* ViewController.swift */; };
		DDB24DDF234CCEAC007669CC /* Main.storyboard in Resources */ = {isa = PBXBuildFile; fileRef = DDB24DDD234CCEAC007669CC /* Main.storyboard */; };
		DDB24DE1234CCEAE007669CC /* Assets.xcassets in Resources */ = {isa = PBXBuildFile; fileRef = DDB24DE0234CCEAE007669CC /* Assets.xcassets */; };
		DDB24DE4234CCEAE007669CC /* LaunchScreen.storyboard in Resources */ = {isa = PBXBuildFile; fileRef = DDB24DE2234CCEAE007669CC /* LaunchScreen.storyboard */; };
/* End PBXBuildFile section */

/* Begin PBXFileReference section */
		1DE45515A59329CF333F8D7C /* Pods_ExchangeRates.framework */ = {isa = PBXFileReference; explicitFileType = wrapper.framework; includeInIndex = 0; path = Pods_ExchangeRates.framework; sourceTree = BUILT_PRODUCTS_DIR; };
		37C0C02D7121E4762E65CDD1 /* Pods-ExchangeRates.release.xcconfig */ = {isa = PBXFileReference; includeInIndex = 1; lastKnownFileType = text.xcconfig; name = "Pods-ExchangeRates.release.xcconfig"; path = "Pods/Target Support Files/Pods-ExchangeRates/Pods-ExchangeRates.release.xcconfig"; sourceTree = "<group>"; };
		B301871BC51B7100F721A153 /* Pods-ExchangeRates.debug.xcconfig */ = {isa = PBXFileReference; includeInIndex = 1; lastKnownFileType = text.xcconfig; name = "Pods-ExchangeRates.debug.xcconfig"; path = "Pods/Target Support Files/Pods-ExchangeRates/Pods-ExchangeRates.debug.xcconfig"; sourceTree = "<group>"; };
		DDB24DD4234CCEAC007669CC /* ExchangeRates.app */ = {isa = PBXFileReference; explicitFileType = wrapper.application; includeInIndex = 0; path = ExchangeRates.app; sourceTree = BUILT_PRODUCTS_DIR; };
		DDB24DD7234CCEAC007669CC /* AppDelegate.swift */ = {isa = PBXFileReference; lastKnownFileType = sourcecode.swift; path = AppDelegate.swift; sourceTree = "<group>"; };
		DDB24DD9234CCEAC007669CC /* SceneDelegate.swift */ = {isa = PBXFileReference; lastKnownFileType = sourcecode.swift; path = SceneDelegate.swift; sourceTree = "<group>"; };
		DDB24DDB234CCEAC007669CC /* ViewController.swift */ = {isa = PBXFileReference; lastKnownFileType = sourcecode.swift; path = ViewController.swift; sourceTree = "<group>"; };
		DDB24DDE234CCEAC007669CC /* Base */ = {isa = PBXFileReference; lastKnownFileType = file.storyboard; name = Base; path = Base.lproj/Main.storyboard; sourceTree = "<group>"; };
		DDB24DE0234CCEAE007669CC /* Assets.xcassets */ = {isa = PBXFileReference; lastKnownFileType = folder.assetcatalog; path = Assets.xcassets; sourceTree = "<group>"; };
		DDB24DE3234CCEAE007669CC /* Base */ = {isa = PBXFileReference; lastKnownFileType = file.storyboard; name = Base; path = Base.lproj/LaunchScreen.storyboard; sourceTree = "<group>"; };
		DDB24DE5234CCEAE007669CC /* Info.plist */ = {isa = PBXFileReference; lastKnownFileType = text.plist.xml; path = Info.plist; sourceTree = "<group>"; };
/* End PBXFileReference section */

/* Begin PBXFrameworksBuildPhase section */
		DDB24DD1234CCEAC007669CC /* Frameworks */ = {
			isa = PBXFrameworksBuildPhase;
			buildActionMask = 2147483647;
			files = (
				4069AFA7F62C78B0716A878F /* Pods_ExchangeRates.framework in Frameworks */,
			);
			runOnlyForDeploymentPostprocessing = 0;
		};
/* End PBXFrameworksBuildPhase section */

/* Begin PBXGroup section */
		4A28FDEC8C208A242B5DE7D0 /* Pods */ = {
			isa = PBXGroup;
			children = (
				B301871BC51B7100F721A153 /* Pods-ExchangeRates.debug.xcconfig */,
				37C0C02D7121E4762E65CDD1 /* Pods-ExchangeRates.release.xcconfig */,
			);
			name = Pods;
			sourceTree = "<group>";
		};
		806F2DB41E26FD9DEAC5E7BA /* Frameworks */ = {
			isa = PBXGroup;
			children = (
				1DE45515A59329CF333F8D7C /* Pods_ExchangeRates.framework */,
			);
			name = Frameworks;
			sourceTree = "<group>";
		};
		DDB24DCB234CCEAC007669CC = {
			isa = PBXGroup;
			children = (
				DDB24DD6234CCEAC007669CC /* ExchangeRates */,
				DDB24DD5234CCEAC007669CC /* Products */,
				4A28FDEC8C208A242B5DE7D0 /* Pods */,
				806F2DB41E26FD9DEAC5E7BA /* Frameworks */,
			);
			sourceTree = "<group>";
		};
		DDB24DD5234CCEAC007669CC /* Products */ = {
			isa = PBXGroup;
			children = (
				DDB24DD4234CCEAC007669CC /* ExchangeRates.app */,
			);
			name = Products;
			sourceTree = "<group>";
		};
		DDB24DD6234CCEAC007669CC /* ExchangeRates */ = {
			isa = PBXGroup;
			children = (
				DDB24DD7234CCEAC007669CC /* AppDelegate.swift */,
				DDB24DD9234CCEAC007669CC /* SceneDelegate.swift */,
				DDB24DDB234CCEAC007669CC /* ViewController.swift */,
				DDB24DDD234CCEAC007669CC /* Main.storyboard */,
				DDB24DE0234CCEAE007669CC /* Assets.xcassets */,
				DDB24DE2234CCEAE007669CC /* LaunchScreen.storyboard */,
				DDB24DE5234CCEAE007669CC /* Info.plist */,
			);
			path = ExchangeRates;
			sourceTree = "<group>";
		};
/* End PBXGroup section */

/* Begin PBXNativeTarget section */
		DDB24DD3234CCEAC007669CC /* ExchangeRates */ = {
			isa = PBXNativeTarget;
			buildConfigurationList = DDB24DE8234CCEAE007669CC /* Build configuration list for PBXNativeTarget "ExchangeRates" */;
			buildPhases = (
				EA822C0C68FDF4B996615262 /* [CP] Check Pods Manifest.lock */,
				DDB24DD0234CCEAC007669CC /* Sources */,
				DDB24DD1234CCEAC007669CC /* Frameworks */,
				DDB24DD2234CCEAC007669CC /* Resources */,
				16AACDB53C6BDA7D110F88DA /* [CP] Embed Pods Frameworks */,
			);
			buildRules = (
			);
			dependencies = (
			);
			name = ExchangeRates;
			productName = ExchangeRates;
			productReference = DDB24DD4234CCEAC007669CC /* ExchangeRates.app */;
			productType = "com.apple.product-type.application";
		};
/* End PBXNativeTarget section */

/* Begin PBXProject section */
		DDB24DCC234CCEAC007669CC /* Project object */ = {
			isa = PBXProject;
			attributes = {
				LastSwiftUpdateCheck = 1110;
				LastUpgradeCheck = 1110;
				ORGANIZATIONNAME = "Vadim Zhepetov";
				TargetAttributes = {
					DDB24DD3234CCEAC007669CC = {
						CreatedOnToolsVersion = 11.1;
					};
				};
			};
			buildConfigurationList = DDB24DCF234CCEAC007669CC /* Build configuration list for PBXProject "ExchangeRates" */;
			compatibilityVersion = "Xcode 9.3";
			developmentRegion = en;
			hasScannedForEncodings = 0;
			knownRegions = (
				en,
				Base,
			);
			mainGroup = DDB24DCB234CCEAC007669CC;
			productRefGroup = DDB24DD5234CCEAC007669CC /* Products */;
			projectDirPath = "";
			projectRoot = "";
			targets = (
				DDB24DD3234CCEAC007669CC /* ExchangeRates */,
			);
		};
/* End PBXProject section */

/* Begin PBXResourcesBuildPhase section */
		DDB24DD2234CCEAC007669CC /* Resources */ = {
			isa = PBXResourcesBuildPhase;
			buildActionMask = 2147483647;
			files = (
				DDB24DE4234CCEAE007669CC /* LaunchScreen.storyboard in Resources */,
				DDB24DE1234CCEAE007669CC /* Assets.xcassets in Resources */,
				DDB24DDF234CCEAC007669CC /* Main.storyboard in Resources */,
			);
			runOnlyForDeploymentPostprocessing = 0;
		};
/* End PBXResourcesBuildPhase section */

/* Begin PBXShellScriptBuildPhase section */
		16AACDB53C6BDA7D110F88DA /* [CP] Embed Pods Frameworks */ = {
			isa = PBXShellScriptBuildPhase;
			buildActionMask = 2147483647;
			files = (
			);
			inputFileListPaths = (
			);
			inputPaths = (
				"${SRCROOT}/Pods/Target Support Files/Pods-ExchangeRates/Pods-ExchangeRates-frameworks.sh",
				"${BUILT_PRODUCTS_DIR}/Alamofire/Alamofire.framework",
				"${BUILT_PRODUCTS_DIR}/Differentiator/Differentiator.framework",
				"${BUILT_PRODUCTS_DIR}/RxAlamofire/RxAlamofire.framework",
				"${BUILT_PRODUCTS_DIR}/RxCocoa/RxCocoa.framework",
				"${BUILT_PRODUCTS_DIR}/RxDataSources/RxDataSources.framework",
				"${BUILT_PRODUCTS_DIR}/RxRelay/RxRelay.framework",
				"${BUILT_PRODUCTS_DIR}/RxSwift/RxSwift.framework",
			);
			name = "[CP] Embed Pods Frameworks";
			outputFileListPaths = (
			);
			outputPaths = (
				"${TARGET_BUILD_DIR}/${FRAMEWORKS_FOLDER_PATH}/Alamofire.framework",
				"${TARGET_BUILD_DIR}/${FRAMEWORKS_FOLDER_PATH}/Differentiator.framework",
				"${TARGET_BUILD_DIR}/${FRAMEWORKS_FOLDER_PATH}/RxAlamofire.framework",
				"${TARGET_BUILD_DIR}/${FRAMEWORKS_FOLDER_PATH}/RxCocoa.framework",
				"${TARGET_BUILD_DIR}/${FRAMEWORKS_FOLDER_PATH}/RxDataSources.framework",
				"${TARGET_BUILD_DIR}/${FRAMEWORKS_FOLDER_PATH}/RxRelay.framework",
				"${TARGET_BUILD_DIR}/${FRAMEWORKS_FOLDER_PATH}/RxSwift.framework",
			);
			runOnlyForDeploymentPostprocessing = 0;
			shellPath = /bin/sh;
			shellScript = "\"${SRCROOT}/Pods/Target Support Files/Pods-ExchangeRates/Pods-ExchangeRates-frameworks.sh\"\n";
			showEnvVarsInLog = 0;
		};
		EA822C0C68FDF4B996615262 /* [CP] Check Pods Manifest.lock */ = {
			isa = PBXShellScriptBuildPhase;
			buildActionMask = 2147483647;
			files = (
			);
			inputFileListPaths = (
			);
			inputPaths = (
				"${PODS_PODFILE_DIR_PATH}/Podfile.lock",
				"${PODS_ROOT}/Manifest.lock",
			);
			name = "[CP] Check Pods Manifest.lock";
			outputFileListPaths = (
			);
			outputPaths = (
				"$(DERIVED_FILE_DIR)/Pods-ExchangeRates-checkManifestLockResult.txt",
			);
			runOnlyForDeploymentPostprocessing = 0;
			shellPath = /bin/sh;
			shellScript = "diff \"${PODS_PODFILE_DIR_PATH}/Podfile.lock\" \"${PODS_ROOT}/Manifest.lock\" > /dev/null\nif [ $? != 0 ] ; then\n    # print error to STDERR\n    echo \"error: The sandbox is not in sync with the Podfile.lock. Run 'pod install' or update your CocoaPods installation.\" >&2\n    exit 1\nfi\n# This output is used by Xcode 'outputs' to avoid re-running this script phase.\necho \"SUCCESS\" > \"${SCRIPT_OUTPUT_FILE_0}\"\n";
			showEnvVarsInLog = 0;
		};
/* End PBXShellScriptBuildPhase section */

/* Begin PBXSourcesBuildPhase section */
		DDB24DD0234CCEAC007669CC /* Sources */ = {
			isa = PBXSourcesBuildPhase;
			buildActionMask = 2147483647;
			files = (
				DDB24DDC234CCEAC007669CC /* ViewController.swift in Sources */,
				DDB24DD8234CCEAC007669CC /* AppDelegate.swift in Sources */,
				DDB24DDA234CCEAC007669CC /* SceneDelegate.swift in Sources */,
			);
			runOnlyForDeploymentPostprocessing = 0;
		};
/* End PBXSourcesBuildPhase section */

/* Begin PBXVariantGroup section */
		DDB24DDD234CCEAC007669CC /* Main.storyboard */ = {
			isa = PBXVariantGroup;
			children = (
				DDB24DDE234CCEAC007669CC /* Base */,
			);
			name = Main.storyboard;
			sourceTree = "<group>";
		};
		DDB24DE2234CCEAE007669CC /* LaunchScreen.storyboard */ = {
			isa = PBXVariantGroup;
			children = (
				DDB24DE3234CCEAE007669CC /* Base */,
			);
			name = LaunchScreen.storyboard;
			sourceTree = "<group>";
		};
/* End PBXVariantGroup section */

/* Begin XCBuildConfiguration section */
		DDB24DE6234CCEAE007669CC /* Debug */ = {
			isa = XCBuildConfiguration;
			buildSettings = {
				ALWAYS_SEARCH_USER_PATHS = NO;
				CLANG_ANALYZER_NONNULL = YES;
				CLANG_ANALYZER_NUMBER_OBJECT_CONVERSION = YES_AGGRESSIVE;
				CLANG_CXX_LANGUAGE_STANDARD = "gnu++14";
				CLANG_CXX_LIBRARY = "libc++";
				CLANG_ENABLE_MODULES = YES;
				CLANG_ENABLE_OBJC_ARC = YES;
				CLANG_ENABLE_OBJC_WEAK = YES;
				CLANG_WARN_BLOCK_CAPTURE_AUTORELEASING = YES;
				CLANG_WARN_BOOL_CONVERSION = YES;
				CLANG_WARN_COMMA = YES;
				CLANG_WARN_CONSTANT_CONVERSION = YES;
				CLANG_WARN_DEPRECATED_OBJC_IMPLEMENTATIONS = YES;
				CLANG_WARN_DIRECT_OBJC_ISA_USAGE = YES_ERROR;
				CLANG_WARN_DOCUMENTATION_COMMENTS = YES;
				CLANG_WARN_EMPTY_BODY = YES;
				CLANG_WARN_ENUM_CONVERSION = YES;
				CLANG_WARN_INFINITE_RECURSION = YES;
				CLANG_WARN_INT_CONVERSION = YES;
				CLANG_WARN_NON_LITERAL_NULL_CONVERSION = YES;
				CLANG_WARN_OBJC_IMPLICIT_RETAIN_SELF = YES;
				CLANG_WARN_OBJC_LITERAL_CONVERSION = YES;
				CLANG_WARN_OBJC_ROOT_CLASS = YES_ERROR;
				CLANG_WARN_RANGE_LOOP_ANALYSIS = YES;
				CLANG_WARN_STRICT_PROTOTYPES = YES;
				CLANG_WARN_SUSPICIOUS_MOVE = YES;
				CLANG_WARN_UNGUARDED_AVAILABILITY = YES_AGGRESSIVE;
				CLANG_WARN_UNREACHABLE_CODE = YES;
				CLANG_WARN__DUPLICATE_METHOD_MATCH = YES;
				COPY_PHASE_STRIP = NO;
				DEBUG_INFORMATION_FORMAT = dwarf;
				ENABLE_STRICT_OBJC_MSGSEND = YES;
				ENABLE_TESTABILITY = YES;
				GCC_C_LANGUAGE_STANDARD = gnu11;
				GCC_DYNAMIC_NO_PIC = NO;
				GCC_NO_COMMON_BLOCKS = YES;
				GCC_OPTIMIZATION_LEVEL = 0;
				GCC_PREPROCESSOR_DEFINITIONS = (
					"DEBUG=1",
					"$(inherited)",
				);
				GCC_WARN_64_TO_32_BIT_CONVERSION = YES;
				GCC_WARN_ABOUT_RETURN_TYPE = YES_ERROR;
				GCC_WARN_UNDECLARED_SELECTOR = YES;
				GCC_WARN_UNINITIALIZED_AUTOS = YES_AGGRESSIVE;
				GCC_WARN_UNUSED_FUNCTION = YES;
				GCC_WARN_UNUSED_VARIABLE = YES;
				IPHONEOS_DEPLOYMENT_TARGET = 13.1;
				MTL_ENABLE_DEBUG_INFO = INCLUDE_SOURCE;
				MTL_FAST_MATH = YES;
				ONLY_ACTIVE_ARCH = YES;
				SDKROOT = iphoneos;
				SWIFT_ACTIVE_COMPILATION_CONDITIONS = DEBUG;
				SWIFT_OPTIMIZATION_LEVEL = "-Onone";
			};
			name = Debug;
		};
		DDB24DE7234CCEAE007669CC /* Release */ = {
			isa = XCBuildConfiguration;
			buildSettings = {
				ALWAYS_SEARCH_USER_PATHS = NO;
				CLANG_ANALYZER_NONNULL = YES;
				CLANG_ANALYZER_NUMBER_OBJECT_CONVERSION = YES_AGGRESSIVE;
				CLANG_CXX_LANGUAGE_STANDARD = "gnu++14";
				CLANG_CXX_LIBRARY = "libc++";
				CLANG_ENABLE_MODULES = YES;
				CLANG_ENABLE_OBJC_ARC = YES;
				CLANG_ENABLE_OBJC_WEAK = YES;
				CLANG_WARN_BLOCK_CAPTURE_AUTORELEASING = YES;
				CLANG_WARN_BOOL_CONVERSION = YES;
				CLANG_WARN_COMMA = YES;
				CLANG_WARN_CONSTANT_CONVERSION = YES;
				CLANG_WARN_DEPRECATED_OBJC_IMPLEMENTATIONS = YES;
				CLANG_WARN_DIRECT_OBJC_ISA_USAGE = YES_ERROR;
				CLANG_WARN_DOCUMENTATION_COMMENTS = YES;
				CLANG_WARN_EMPTY_BODY = YES;
				CLANG_WARN_ENUM_CONVERSION = YES;
				CLANG_WARN_INFINITE_RECURSION = YES;
				CLANG_WARN_INT_CONVERSION = YES;
				CLANG_WARN_NON_LITERAL_NULL_CONVERSION = YES;
				CLANG_WARN_OBJC_IMPLICIT_RETAIN_SELF = YES;
				CLANG_WARN_OBJC_LITERAL_CONVERSION = YES;
				CLANG_WARN_OBJC_ROOT_CLASS = YES_ERROR;
				CLANG_WARN_RANGE_LOOP_ANALYSIS = YES;
				CLANG_WARN_STRICT_PROTOTYPES = YES;
				CLANG_WARN_SUSPICIOUS_MOVE = YES;
				CLANG_WARN_UNGUARDED_AVAILABILITY = YES_AGGRESSIVE;
				CLANG_WARN_UNREACHABLE_CODE = YES;
				CLANG_WARN__DUPLICATE_METHOD_MATCH = YES;
				COPY_PHASE_STRIP = NO;
				DEBUG_INFORMATION_FORMAT = "dwarf-with-dsym";
				ENABLE_NS_ASSERTIONS = NO;
				ENABLE_STRICT_OBJC_MSGSEND = YES;
				GCC_C_LANGUAGE_STANDARD = gnu11;
				GCC_NO_COMMON_BLOCKS = YES;
				GCC_WARN_64_TO_32_BIT_CONVERSION = YES;
				GCC_WARN_ABOUT_RETURN_TYPE = YES_ERROR;
				GCC_WARN_UNDECLARED_SELECTOR = YES;
				GCC_WARN_UNINITIALIZED_AUTOS = YES_AGGRESSIVE;
				GCC_WARN_UNUSED_FUNCTION = YES;
				GCC_WARN_UNUSED_VARIABLE = YES;
				IPHONEOS_DEPLOYMENT_TARGET = 13.1;
				MTL_ENABLE_DEBUG_INFO = NO;
				MTL_FAST_MATH = YES;
				SDKROOT = iphoneos;
				SWIFT_COMPILATION_MODE = wholemodule;
				SWIFT_OPTIMIZATION_LEVEL = "-O";
				VALIDATE_PRODUCT = YES;
			};
			name = Release;
		};
		DDB24DE9234CCEAE007669CC /* Debug */ = {
			isa = XCBuildConfiguration;
			baseConfigurationReference = B301871BC51B7100F721A153 /* Pods-ExchangeRates.debug.xcconfig */;
			buildSettings = {
				ASSETCATALOG_COMPILER_APPICON_NAME = AppIcon;
				CODE_SIGN_STYLE = Automatic;
				DEVELOPMENT_TEAM = WTGHLN92U3;
				INFOPLIST_FILE = ExchangeRates/Info.plist;
				LD_RUNPATH_SEARCH_PATHS = (
					"$(inherited)",
					"@executable_path/Frameworks",
				);
				PRODUCT_BUNDLE_IDENTIFIER = com.vadim.ExchangeRates;
				PRODUCT_NAME = "$(TARGET_NAME)";
				SWIFT_VERSION = 5.0;
				TARGETED_DEVICE_FAMILY = "1,2";
			};
			name = Debug;
		};
		DDB24DEA234CCEAE007669CC /* Release */ = {
			isa = XCBuildConfiguration;
			baseConfigurationReference = 37C0C02D7121E4762E65CDD1 /* Pods-ExchangeRates.release.xcconfig */;
			buildSettings = {
				ASSETCATALOG_COMPILER_APPICON_NAME = AppIcon;
				CODE_SIGN_STYLE = Automatic;
				DEVELOPMENT_TEAM = WTGHLN92U3;
				INFOPLIST_FILE = ExchangeRates/Info.plist;
				LD_RUNPATH_SEARCH_PATHS = (
					"$(inherited)",
					"@executable_path/Frameworks",
				);
				PRODUCT_BUNDLE_IDENTIFIER = com.vadim.ExchangeRates;
				PRODUCT_NAME = "$(TARGET_NAME)";
				SWIFT_VERSION = 5.0;
				TARGETED_DEVICE_FAMILY = "1,2";
			};
			name = Release;
		};
/* End XCBuildConfiguration section */

/* Begin XCConfigurationList section */
		DDB24DCF234CCEAC007669CC /* Build configuration list for PBXProject "ExchangeRates" */ = {
			isa = XCConfigurationList;
			buildConfigurations = (
				DDB24DE6234CCEAE007669CC /* Debug */,
				DDB24DE7234CCEAE007669CC /* Release */,
			);
			defaultConfigurationIsVisible = 0;
			defaultConfigurationName = Release;
		};
		DDB24DE8234CCEAE007669CC /* Build configuration list for PBXNativeTarget "ExchangeRates" */ = {
			isa = XCConfigurationList;
			buildConfigurations = (
				DDB24DE9234CCEAE007669CC /* Debug */,
				DDB24DEA234CCEAE007669CC /* Release */,
			);
			defaultConfigurationIsVisible = 0;
			defaultConfigurationName = Release;
		};
/* End XCConfigurationList section */
	};
	rootObject = DDB24DCC234CCEAC007669CC /* Project object */;
}
